<?xml version="1.0" encoding="utf-8"?>
<Project ToolsVersion="4.0" xmlns="http://schemas.microsoft.com/developer/msbuild/2003">
  <ItemGroup>
    <Filter Include="Source">
      <UniqueIdentifier>{51dd238f-4d6f-417d-a2d3-fb44e1a12f59}</UniqueIdentifier>
    </Filter>
    <Filter Include="Source\Core">
      <UniqueIdentifier>{6e143c4b-bc82-44c0-83ec-1c40eb48a61d}</UniqueIdentifier>
    </Filter>
    <Filter Include="Source\Miscs">
      <UniqueIdentifier>{ecc79f96-3019-4f16-842b-ad9e7b2f98f6}</UniqueIdentifier>
    </Filter>
    <Filter Include="Source\Core\Utils">
      <UniqueIdentifier>{91dc63ea-beb9-4c8c-a393-838264dd74b0}</UniqueIdentifier>
    </Filter>
    <Filter Include="Source\Core\Render">
      <UniqueIdentifier>{c431ced8-e79d-4ac8-a42d-4ebb33db7af5}</UniqueIdentifier>
    </Filter>
    <Filter Include="Assets">
      <UniqueIdentifier>{59e96bfb-2275-42ac-8a5a-d7fff4db1f61}</UniqueIdentifier>
    </Filter>
    <Filter Include="Assets\Shaders">
      <UniqueIdentifier>{473fef64-72c4-463c-b93b-d1543619d54f}</UniqueIdentifier>
    </Filter>
    <Filter Include="Assets\Textures">
      <UniqueIdentifier>{23af4e75-c1ba-4103-85b9-a7360b922fb7}</UniqueIdentifier>
    </Filter>
    <Filter Include="Source\Core\Scene">
      <UniqueIdentifier>{33da281c-e8cb-454e-8e92-5cefadb36249}</UniqueIdentifier>
    </Filter>
    <Filter Include="Source\Core\Render\Bindable">
      <UniqueIdentifier>{df800278-baf5-4795-8823-89c344e03266}</UniqueIdentifier>
    </Filter>
    <Filter Include="Source\Core\Render\Drawable">
      <UniqueIdentifier>{3f36e6e4-3309-4cf9-864c-4a5fdb47a7ce}</UniqueIdentifier>
    </Filter>
    <Filter Include="Source\Core\Render\Light">
      <UniqueIdentifier>{44f75690-5a0e-42cb-8676-ba4f188146b5}</UniqueIdentifier>
    </Filter>
  </ItemGroup>
  <ItemGroup>
    <ClCompile Include="main.cpp">
      <Filter>Source\Miscs</Filter>
    </ClCompile>
    <ClCompile Include="pch.cpp">
      <Filter>Source\Miscs</Filter>
    </ClCompile>
    <ClCompile Include="Window.cpp">
      <Filter>Source\Core</Filter>
    </ClCompile>
    <ClCompile Include="Opengl.cpp">
      <Filter>Source\Core</Filter>
    </ClCompile>
    <ClCompile Include="Widget.cpp">
      <Filter>Source\Core</Filter>
    </ClCompile>
    <ClCompile Include="Events.cpp">
      <Filter>Source\Core</Filter>
    </ClCompile>
    <ClCompile Include="Logger.cpp">
      <Filter>Source\Core</Filter>
    </ClCompile>
    <ClCompile Include="Utils.cpp">
      <Filter>Source\Core\Utils</Filter>
    </ClCompile>
    <ClCompile Include="Globals.cpp">
      <Filter>Source\Miscs</Filter>
    </ClCompile>
    <ClCompile Include="DynamicVertex.cpp">
      <Filter>Source\Core\Render\Bindable</Filter>
    </ClCompile>
    <ClCompile Include="TransformUBuf.cpp">
      <Filter>Source\Core\Render\Bindable</Filter>
    </ClCompile>
    <ClCompile Include="Model.cpp">
      <Filter>Source\Core\Render\Drawable</Filter>
    </ClCompile>
  </ItemGroup>
  <ItemGroup>
    <ClInclude Include="pch.h">
      <Filter>Source\Miscs</Filter>
    </ClInclude>
    <ClInclude Include="Window.h">
      <Filter>Source\Core</Filter>
    </ClInclude>
    <ClInclude Include="Opengl.h">
      <Filter>Source\Core</Filter>
    </ClInclude>
    <ClInclude Include="Widget.h">
      <Filter>Source\Core</Filter>
    </ClInclude>
    <ClInclude Include="Events.h">
      <Filter>Source\Core</Filter>
    </ClInclude>
    <ClInclude Include="Scene.h">
      <Filter>Source\Core\Scene</Filter>
    </ClInclude>
    <ClInclude Include="Logger.h">
      <Filter>Source\Core</Filter>
    </ClInclude>
    <ClInclude Include="Utils.h">
      <Filter>Source\Core\Utils</Filter>
    </ClInclude>
    <ClInclude Include="Globals.h">
      <Filter>Source\Miscs</Filter>
    </ClInclude>
    <ClInclude Include="MenuScene.h">
      <Filter>Source\Core\Scene</Filter>
    </ClInclude>
    <ClInclude Include="Bindable.h">
      <Filter>Source\Core\Render\Bindable</Filter>
    </ClInclude>
    <ClInclude Include="VertexBufferObject.h">
      <Filter>Source\Core\Render\Bindable</Filter>
    </ClInclude>
    <ClInclude Include="UniformBufferObject.h">
      <Filter>Source\Core\Render\Bindable</Filter>
    </ClInclude>
    <ClInclude Include="Drawable.h">
      <Filter>Source\Core\Render\Drawable</Filter>
    </ClInclude>
    <ClInclude Include="ShaderObject.h">
      <Filter>Source\Core\Render\Bindable</Filter>
    </ClInclude>
    <ClInclude Include="TransformUBuf.h">
      <Filter>Source\Core\Render\Bindable</Filter>
    </ClInclude>
    <ClInclude Include="TextureObject.h">
      <Filter>Source\Core\Render\Bindable</Filter>
    </ClInclude>
    <ClInclude Include="Camera.h">
      <Filter>Source\Core\Render</Filter>
    </ClInclude>
    <ClInclude Include="PointLight.h">
      <Filter>Source\Core\Render\Light</Filter>
    </ClInclude>
    <ClInclude Include="Model.h">
      <Filter>Source\Core\Render\Drawable</Filter>
    </ClInclude>
    <ClInclude Include="DynamicVertex.h">
      <Filter>Source\Core\Render\Bindable</Filter>
    </ClInclude>
    <ClInclude Include="BindableCodex.h">
      <Filter>Source\Core\Render\Bindable</Filter>
    </ClInclude>
    <ClInclude Include="Plane.h">
      <Filter>Source\Core\Render\Drawable</Filter>
    </ClInclude>
    <ClInclude Include="TransparencyBlender.h">
      <Filter>Source\Core\Render\Bindable</Filter>
    </ClInclude>
    <ClInclude Include="Rasterizer.h">
      <Filter>Source\Core\Render\Bindable</Filter>
    </ClInclude>
  </ItemGroup>
  <ItemGroup>
    <None Include="assets\shaders\default_FS.glsl">
      <Filter>Assets\Shaders</Filter>
    </None>
    <None Include="assets\shaders\default_VS.glsl">
      <Filter>Assets\Shaders</Filter>
    </None>
    <None Include="Assets\save">
      <Filter>Assets</Filter>
    </None>
    <None Include="Assets\Shaders\uv_FS.glsl">
      <Filter>Assets\Shaders</Filter>
    </None>
    <None Include="Assets\Shaders\uv_VS.glsl">
      <Filter>Assets\Shaders</Filter>
    </None>
    <None Include="Assets\Shaders\phong_VS.glsl">
      <Filter>Assets\Shaders</Filter>
    </None>
    <None Include="Assets\Shaders\phong_FS.glsl">
      <Filter>Assets\Shaders</Filter>
    </None>
    <None Include="Assets\Shaders\phong_specmap_FS.glsl">
      <Filter>Assets\Shaders</Filter>
    </None>
    <None Include="Assets\Shaders\phong_normalmap_FS.glsl">
      <Filter>Assets\Shaders</Filter>
    </None>
    <None Include="Assets\Shaders\phong_normalmap_VS.glsl">
      <Filter>Assets\Shaders</Filter>
    </None>
    <None Include="Assets\Shaders\phong_normalspecmap_FS.glsl">
      <Filter>Assets\Shaders</Filter>
    </None>
    <None Include="Assets\Shaders\uniform_bindings.glsl">
      <Filter>Assets\Shaders</Filter>
    </None>
    <None Include="Assets\Shaders\light.glsl">
      <Filter>Assets\Shaders</Filter>
    </None>
    <None Include="Assets\Shaders\version.glsl">
      <Filter>Assets\Shaders</Filter>
    </None>
  </ItemGroup>
  <ItemGroup>
    <Image Include="Assets\Textures\ignore_this.png">
      <Filter>Assets\Textures</Filter>
    </Image>
    <Image Include="Assets\Textures\testImage.png">
      <Filter>Assets\Textures</Filter>
    </Image>
    <Image Include="Assets\Textures\testImage2.png">
      <Filter>Assets\Textures</Filter>
    </Image>
    <Image Include="Assets\Textures\spritesheet.png">
      <Filter>Assets\Textures</Filter>
    </Image>
  </ItemGroup>
</Project>