<?xml version="1.0" encoding="utf-8"?>
<Project ToolsVersion="4.0" xmlns="http://schemas.microsoft.com/developer/msbuild/2003">
  <ItemGroup>
    <Filter Include="Source">
      <UniqueIdentifier>{51dd238f-4d6f-417d-a2d3-fb44e1a12f59}</UniqueIdentifier>
    </Filter>
    <Filter Include="Source\Window">
      <UniqueIdentifier>{168edec9-10cc-4588-983f-b23d719603ce}</UniqueIdentifier>
    </Filter>
    <Filter Include="Source\Core">
      <UniqueIdentifier>{6e143c4b-bc82-44c0-83ec-1c40eb48a61d}</UniqueIdentifier>
    </Filter>
  </ItemGroup>
  <ItemGroup>
    <None Include="ClassDiagram.cd" />
  </ItemGroup>
  <ItemGroup>
    <ClCompile Include="main.cpp">
      <Filter>Source</Filter>
    </ClCompile>
    <ClCompile Include="pch.cpp">
      <Filter>Source</Filter>
    </ClCompile>
    <ClCompile Include="window.cpp">
      <Filter>Source\Window</Filter>
    </ClCompile>
    <ClCompile Include="core_engine.cpp">
      <Filter>Source\Core</Filter>
    </ClCompile>
    <ClCompile Include="sandbox_game.cpp">
      <Filter>Source</Filter>
    </ClCompile>
    <ClCompile Include="logger.cpp">
      <Filter>Source\Core</Filter>
    </ClCompile>
  </ItemGroup>
  <ItemGroup>
    <ClInclude Include="window.h">
      <Filter>Source\Window</Filter>
    </ClInclude>
    <ClInclude Include="pch.h">
      <Filter>Source</Filter>
    </ClInclude>
    <ClInclude Include="core_engine.h">
      <Filter>Source\Core</Filter>
    </ClInclude>
    <ClInclude Include="sandbox_game.h">
      <Filter>Source</Filter>
    </ClInclude>
    <ClInclude Include="logger.h">
      <Filter>Source\Core</Filter>
    </ClInclude>
    <ClInclude Include="common.h">
      <Filter>Source</Filter>
    </ClInclude>
  </ItemGroup>
</Project>