<?xml version="1.0" encoding="utf-8"?>
<Project ToolsVersion="4.0" xmlns="http://schemas.microsoft.com/developer/msbuild/2003">
  <ItemGroup>
    <Filter Include="Source">
      <UniqueIdentifier>{51dd238f-4d6f-417d-a2d3-fb44e1a12f59}</UniqueIdentifier>
    </Filter>
    <Filter Include="Source\Core">
      <UniqueIdentifier>{6e143c4b-bc82-44c0-83ec-1c40eb48a61d}</UniqueIdentifier>
    </Filter>
    <Filter Include="Source\Miscs">
      <UniqueIdentifier>{ecc79f96-3019-4f16-842b-ad9e7b2f98f6}</UniqueIdentifier>
    </Filter>
    <Filter Include="Source\ECS">
      <UniqueIdentifier>{cfae6f7f-e424-434b-8cbe-f389dfec85a5}</UniqueIdentifier>
    </Filter>
    <Filter Include="Source\ECS\Components">
      <UniqueIdentifier>{a2ba5964-5693-4023-8319-a9e9356c0983}</UniqueIdentifier>
    </Filter>
    <Filter Include="Source\Core\Scenes">
      <UniqueIdentifier>{33da281c-e8cb-454e-8e92-5cefadb36249}</UniqueIdentifier>
    </Filter>
    <Filter Include="Source\Core\Utils">
      <UniqueIdentifier>{91dc63ea-beb9-4c8c-a393-838264dd74b0}</UniqueIdentifier>
    </Filter>
    <Filter Include="Source\Core\Render">
      <UniqueIdentifier>{c431ced8-e79d-4ac8-a42d-4ebb33db7af5}</UniqueIdentifier>
    </Filter>
    <Filter Include="Assets">
      <UniqueIdentifier>{59e96bfb-2275-42ac-8a5a-d7fff4db1f61}</UniqueIdentifier>
    </Filter>
    <Filter Include="Assets\Shaders">
      <UniqueIdentifier>{473fef64-72c4-463c-b93b-d1543619d54f}</UniqueIdentifier>
    </Filter>
    <Filter Include="Thirdparty">
      <UniqueIdentifier>{5709e21f-ecc6-4285-8f46-d93ec30090ce}</UniqueIdentifier>
    </Filter>
    <Filter Include="Thirdparty\ImGui">
      <UniqueIdentifier>{c8f2ae52-569c-49fa-81aa-00b2d35944fb}</UniqueIdentifier>
    </Filter>
    <Filter Include="Thirdparty\stb_image">
      <UniqueIdentifier>{d5017fd9-0c93-4448-91f9-d4d728bb0be9}</UniqueIdentifier>
    </Filter>
  </ItemGroup>
  <ItemGroup>
    <ClCompile Include="main.cpp">
      <Filter>Source\Miscs</Filter>
    </ClCompile>
    <ClCompile Include="pch.cpp">
      <Filter>Source\Miscs</Filter>
    </ClCompile>
    <ClCompile Include="glad.c">
      <Filter>Source\Miscs</Filter>
    </ClCompile>
    <ClCompile Include="Window.cpp">
      <Filter>Source\Core</Filter>
    </ClCompile>
    <ClCompile Include="Opengl.cpp">
      <Filter>Source\Core</Filter>
    </ClCompile>
    <ClCompile Include="Widget.cpp">
      <Filter>Source\Core</Filter>
    </ClCompile>
    <ClCompile Include="Events.cpp">
      <Filter>Source\Core</Filter>
    </ClCompile>
    <ClCompile Include="Time.cpp">
      <Filter>Source\Core</Filter>
    </ClCompile>
    <ClCompile Include="LevelEditorScene.cpp">
      <Filter>Source\Core\Scenes</Filter>
    </ClCompile>
    <ClCompile Include="LevelScene.cpp">
      <Filter>Source\Core\Scenes</Filter>
    </ClCompile>
    <ClCompile Include="Logger.cpp">
      <Filter>Source\Core</Filter>
    </ClCompile>
    <ClCompile Include="Utils.cpp">
      <Filter>Source\Core\Utils</Filter>
    </ClCompile>
    <ClCompile Include="Shader.cpp">
      <Filter>Source\Core\Render</Filter>
    </ClCompile>
    <ClCompile Include="Texture.cpp">
      <Filter>Source\Core\Render</Filter>
    </ClCompile>
    <ClCompile Include="thirdparty\imgui\GraphEditor.cpp">
      <Filter>Thirdparty\ImGui</Filter>
    </ClCompile>
    <ClCompile Include="thirdparty\imgui\ImCurveEdit.cpp">
      <Filter>Thirdparty\ImGui</Filter>
    </ClCompile>
    <ClCompile Include="thirdparty\imgui\ImGradient.cpp">
      <Filter>Thirdparty\ImGui</Filter>
    </ClCompile>
    <ClCompile Include="thirdparty\imgui\imgui.cpp">
      <Filter>Thirdparty\ImGui</Filter>
    </ClCompile>
    <ClCompile Include="thirdparty\imgui\imgui_demo.cpp">
      <Filter>Thirdparty\ImGui</Filter>
    </ClCompile>
    <ClCompile Include="thirdparty\imgui\imgui_draw.cpp">
      <Filter>Thirdparty\ImGui</Filter>
    </ClCompile>
    <ClCompile Include="thirdparty\imgui\imgui_impl_glfw.cpp">
      <Filter>Thirdparty\ImGui</Filter>
    </ClCompile>
    <ClCompile Include="thirdparty\imgui\imgui_impl_opengl3.cpp">
      <Filter>Thirdparty\ImGui</Filter>
    </ClCompile>
    <ClCompile Include="thirdparty\imgui\imgui_tables.cpp">
      <Filter>Thirdparty\ImGui</Filter>
    </ClCompile>
    <ClCompile Include="thirdparty\imgui\imgui_widgets.cpp">
      <Filter>Thirdparty\ImGui</Filter>
    </ClCompile>
    <ClCompile Include="thirdparty\imgui\ImGuizmo.cpp">
      <Filter>Thirdparty\ImGui</Filter>
    </ClCompile>
    <ClCompile Include="thirdparty\imgui\ImSequencer.cpp">
      <Filter>Thirdparty\ImGui</Filter>
    </ClCompile>
    <ClCompile Include="thirdparty\stb_image\stb_image.cpp">
      <Filter>Thirdparty\stb_image</Filter>
    </ClCompile>
    <ClCompile Include="Globals.cpp">
      <Filter>Source\Miscs</Filter>
    </ClCompile>
    <ClCompile Include="RenderBatch.cpp">
      <Filter>Source\Core\Render</Filter>
    </ClCompile>
  </ItemGroup>
  <ItemGroup>
    <ClInclude Include="pch.h">
      <Filter>Source\Miscs</Filter>
    </ClInclude>
    <ClInclude Include="Window.h">
      <Filter>Source\Core</Filter>
    </ClInclude>
    <ClInclude Include="Opengl.h">
      <Filter>Source\Core</Filter>
    </ClInclude>
    <ClInclude Include="Widget.h">
      <Filter>Source\Core</Filter>
    </ClInclude>
    <ClInclude Include="Events.h">
      <Filter>Source\Core</Filter>
    </ClInclude>
    <ClInclude Include="Time.h">
      <Filter>Source\Core</Filter>
    </ClInclude>
    <ClInclude Include="Scene.h">
      <Filter>Source\Core\Scenes</Filter>
    </ClInclude>
    <ClInclude Include="LevelEditorScene.h">
      <Filter>Source\Core\Scenes</Filter>
    </ClInclude>
    <ClInclude Include="LevelScene.h">
      <Filter>Source\Core\Scenes</Filter>
    </ClInclude>
    <ClInclude Include="Logger.h">
      <Filter>Source\Core</Filter>
    </ClInclude>
    <ClInclude Include="Utils.h">
      <Filter>Source\Core\Utils</Filter>
    </ClInclude>
    <ClInclude Include="Shader.h">
      <Filter>Source\Core\Render</Filter>
    </ClInclude>
    <ClInclude Include="Camera.h">
      <Filter>Source\Core\Render</Filter>
    </ClInclude>
    <ClInclude Include="Texture.h">
      <Filter>Source\Core\Render</Filter>
    </ClInclude>
    <ClInclude Include="thirdparty\imgui\GraphEditor.h">
      <Filter>Thirdparty\ImGui</Filter>
    </ClInclude>
    <ClInclude Include="thirdparty\imgui\imconfig.h">
      <Filter>Thirdparty\ImGui</Filter>
    </ClInclude>
    <ClInclude Include="thirdparty\imgui\ImCurveEdit.h">
      <Filter>Thirdparty\ImGui</Filter>
    </ClInclude>
    <ClInclude Include="thirdparty\imgui\ImGradient.h">
      <Filter>Thirdparty\ImGui</Filter>
    </ClInclude>
    <ClInclude Include="thirdparty\imgui\imgui.h">
      <Filter>Thirdparty\ImGui</Filter>
    </ClInclude>
    <ClInclude Include="thirdparty\imgui\imgui_impl_glfw.h">
      <Filter>Thirdparty\ImGui</Filter>
    </ClInclude>
    <ClInclude Include="thirdparty\imgui\imgui_impl_opengl3.h">
      <Filter>Thirdparty\ImGui</Filter>
    </ClInclude>
    <ClInclude Include="thirdparty\imgui\imgui_internal.h">
      <Filter>Thirdparty\ImGui</Filter>
    </ClInclude>
    <ClInclude Include="thirdparty\imgui\ImGuizmo.h">
      <Filter>Thirdparty\ImGui</Filter>
    </ClInclude>
    <ClInclude Include="thirdparty\imgui\ImSequencer.h">
      <Filter>Thirdparty\ImGui</Filter>
    </ClInclude>
    <ClInclude Include="thirdparty\imgui\imstb_rectpack.h">
      <Filter>Thirdparty\ImGui</Filter>
    </ClInclude>
    <ClInclude Include="thirdparty\imgui\imstb_textedit.h">
      <Filter>Thirdparty\ImGui</Filter>
    </ClInclude>
    <ClInclude Include="thirdparty\imgui\imstb_truetype.h">
      <Filter>Thirdparty\ImGui</Filter>
    </ClInclude>
    <ClInclude Include="thirdparty\imgui\ImZoomSlider.h">
      <Filter>Thirdparty\ImGui</Filter>
    </ClInclude>
    <ClInclude Include="thirdparty\stb_image\stb_image.h">
      <Filter>Thirdparty\stb_image</Filter>
    </ClInclude>
    <ClInclude Include="Globals.h">
      <Filter>Source\Miscs</Filter>
    </ClInclude>
    <ClInclude Include="GameObject.h">
      <Filter>Source\ECS</Filter>
    </ClInclude>
    <ClInclude Include="Component.h">
      <Filter>Source\ECS</Filter>
    </ClInclude>
    <ClInclude Include="Transform.h">
      <Filter>Source\ECS</Filter>
    </ClInclude>
    <ClInclude Include="SpriteRenderer.h">
      <Filter>Source\ECS\Components</Filter>
    </ClInclude>
    <ClInclude Include="RenderBatch.h">
      <Filter>Source\Core\Render</Filter>
    </ClInclude>
    <ClInclude Include="Renderer.h">
      <Filter>Source\Core\Render</Filter>
    </ClInclude>
  </ItemGroup>
  <ItemGroup>
    <None Include="assets\shaders\fragment.glsl">
      <Filter>Assets\Shaders</Filter>
    </None>
    <None Include="assets\shaders\vertex.glsl">
      <Filter>Assets\Shaders</Filter>
    </None>
  </ItemGroup>
</Project>