<?xml version="1.0" encoding="utf-8"?>
<Project ToolsVersion="16.0" xmlns="http://schemas.microsoft.com/developer/msbuild/2003">
  <ItemGroup>
    <CustomBuild Include="C:\Users\GAGE\source\repos\GAGE\assimp\CMakeFiles\bd5d3ae83b187c6196f29f4bce223d26\INSTALL_force.rule">
      <Filter>CMake Rules</Filter>
    </CustomBuild>
  </ItemGroup>
  <ItemGroup>
    <Filter Include="CMake Rules">
      <UniqueIdentifier>{E54B7F80-1091-3B60-A273-AC2B302D417A}</UniqueIdentifier>
    </Filter>
  </ItemGroup>
</Project>
